// !$*UTF8*$!
{
	archiveVersion = 1;
	classes = {
	};
	objectVersion = 55;
	objects = {

/* Begin PBXBuildFile section */
		84A3B678280EC9D10081ABF1 /* AppDelegate.swift in Sources */ = {isa = PBXBuildFile; fileRef = 84A3B677280EC9D10081ABF1 /* AppDelegate.swift */; };
		84A3B67A280EC9D10081ABF1 /* SceneDelegate.swift in Sources */ = {isa = PBXBuildFile; fileRef = 84A3B679280EC9D10081ABF1 /* SceneDelegate.swift */; };
		84A3B67F280EC9D10081ABF1 /* Main.storyboard in Resources */ = {isa = PBXBuildFile; fileRef = 84A3B67D280EC9D10081ABF1 /* Main.storyboard */; };
		84A3B681280EC9D30081ABF1 /* Assets.xcassets in Resources */ = {isa = PBXBuildFile; fileRef = 84A3B680280EC9D30081ABF1 /* Assets.xcassets */; };
		84A3B684280EC9D30081ABF1 /* LaunchScreen.storyboard in Resources */ = {isa = PBXBuildFile; fileRef = 84A3B682280EC9D30081ABF1 /* LaunchScreen.storyboard */; };
		84A3B68F280EC9D40081ABF1 /* ImageSearchTests.swift in Sources */ = {isa = PBXBuildFile; fileRef = 84A3B68E280EC9D40081ABF1 /* ImageSearchTests.swift */; };
		84A3B699280EC9D40081ABF1 /* ImageSearchUITests.swift in Sources */ = {isa = PBXBuildFile; fileRef = 84A3B698280EC9D40081ABF1 /* ImageSearchUITests.swift */; };
		84A3B69B280EC9D40081ABF1 /* ImageSearchUITestsLaunchTests.swift in Sources */ = {isa = PBXBuildFile; fileRef = 84A3B69A280EC9D40081ABF1 /* ImageSearchUITestsLaunchTests.swift */; };
		84A3B6AC280ECD4E0081ABF1 /* ImageDownLoaderOperation.swift in Sources */ = {isa = PBXBuildFile; fileRef = 84A3B6AB280ECD4E0081ABF1 /* ImageDownLoaderOperation.swift */; };
		84A3B6AE280ECD910081ABF1 /* ServiceManager.swift in Sources */ = {isa = PBXBuildFile; fileRef = 84A3B6AD280ECD910081ABF1 /* ServiceManager.swift */; };
		84A3B6B0280ECDBE0081ABF1 /* Request.swift in Sources */ = {isa = PBXBuildFile; fileRef = 84A3B6AF280ECDBE0081ABF1 /* Request.swift */; };
		84A3B6B2280ECDE20081ABF1 /* APIEndPoints.swift in Sources */ = {isa = PBXBuildFile; fileRef = 84A3B6B1280ECDE20081ABF1 /* APIEndPoints.swift */; };
		84A3B6B4280ECE250081ABF1 /* PhotoSearchResonce.swift in Sources */ = {isa = PBXBuildFile; fileRef = 84A3B6B3280ECE250081ABF1 /* PhotoSearchResonce.swift */; };
		84A3B6B6280ECE4A0081ABF1 /* PhotoDetail.swift in Sources */ = {isa = PBXBuildFile; fileRef = 84A3B6B5280ECE4A0081ABF1 /* PhotoDetail.swift */; };
		84A3B6B8280ECE750081ABF1 /* PhotoSearchViewModel.swift in Sources */ = {isa = PBXBuildFile; fileRef = 84A3B6B7280ECE750081ABF1 /* PhotoSearchViewModel.swift */; };
		84A3B6BA280ECEF20081ABF1 /* PhotoSearchViewController.swift in Sources */ = {isa = PBXBuildFile; fileRef = 84A3B6B9280ECEF20081ABF1 /* PhotoSearchViewController.swift */; };
		84A3B6BC280ED6BC0081ABF1 /* PhotoDetailsTableViewCell.swift in Sources */ = {isa = PBXBuildFile; fileRef = 84A3B6BB280ED6BC0081ABF1 /* PhotoDetailsTableViewCell.swift */; };
		84A3B6BE280ED71C0081ABF1 /* ViewState.swift in Sources */ = {isa = PBXBuildFile; fileRef = 84A3B6BD280ED71C0081ABF1 /* ViewState.swift */; };
		84A3B6C0280ED7620081ABF1 /* PhotoCollectionViewCell.swift in Sources */ = {isa = PBXBuildFile; fileRef = 84A3B6BF280ED7620081ABF1 /* PhotoCollectionViewCell.swift */; };
		84A3B6C4280EDC6E0081ABF1 /* MockServiceManager.swift in Sources */ = {isa = PBXBuildFile; fileRef = 84A3B6C3280EDC6E0081ABF1 /* MockServiceManager.swift */; };
		84A3B6C9280EE3A60081ABF1 /* searchSuccessResponse.json in Resources */ = {isa = PBXBuildFile; fileRef = 84A3B6C8280EE3A60081ABF1 /* searchSuccessResponse.json */; };
/* End PBXBuildFile section */

/* Begin PBXContainerItemProxy section */
		84A3B68B280EC9D40081ABF1 /* PBXContainerItemProxy */ = {
			isa = PBXContainerItemProxy;
			containerPortal = 84A3B66C280EC9D10081ABF1 /* Project object */;
			proxyType = 1;
			remoteGlobalIDString = 84A3B673280EC9D10081ABF1;
			remoteInfo = ImageSearch;
		};
		84A3B695280EC9D40081ABF1 /* PBXContainerItemProxy */ = {
			isa = PBXContainerItemProxy;
			containerPortal = 84A3B66C280EC9D10081ABF1 /* Project object */;
			proxyType = 1;
			remoteGlobalIDString = 84A3B673280EC9D10081ABF1;
			remoteInfo = ImageSearch;
		};
/* End PBXContainerItemProxy section */

/* Begin PBXFileReference section */
		84A3B674280EC9D10081ABF1 /* ImageSearch.app */ = {isa = PBXFileReference; explicitFileType = wrapper.application; includeInIndex = 0; path = ImageSearch.app; sourceTree = BUILT_PRODUCTS_DIR; };
		84A3B677280EC9D10081ABF1 /* AppDelegate.swift */ = {isa = PBXFileReference; lastKnownFileType = sourcecode.swift; path = AppDelegate.swift; sourceTree = "<group>"; };
		84A3B679280EC9D10081ABF1 /* SceneDelegate.swift */ = {isa = PBXFileReference; lastKnownFileType = sourcecode.swift; path = SceneDelegate.swift; sourceTree = "<group>"; };
		84A3B67E280EC9D10081ABF1 /* Base */ = {isa = PBXFileReference; lastKnownFileType = file.storyboard; name = Base; path = Base.lproj/Main.storyboard; sourceTree = "<group>"; };
		84A3B680280EC9D30081ABF1 /* Assets.xcassets */ = {isa = PBXFileReference; lastKnownFileType = folder.assetcatalog; path = Assets.xcassets; sourceTree = "<group>"; };
		84A3B683280EC9D30081ABF1 /* Base */ = {isa = PBXFileReference; lastKnownFileType = file.storyboard; name = Base; path = Base.lproj/LaunchScreen.storyboard; sourceTree = "<group>"; };
		84A3B685280EC9D30081ABF1 /* Info.plist */ = {isa = PBXFileReference; lastKnownFileType = text.plist.xml; path = Info.plist; sourceTree = "<group>"; };
		84A3B68A280EC9D40081ABF1 /* ImageSearchTests.xctest */ = {isa = PBXFileReference; explicitFileType = wrapper.cfbundle; includeInIndex = 0; path = ImageSearchTests.xctest; sourceTree = BUILT_PRODUCTS_DIR; };
		84A3B68E280EC9D40081ABF1 /* ImageSearchTests.swift */ = {isa = PBXFileReference; lastKnownFileType = sourcecode.swift; path = ImageSearchTests.swift; sourceTree = "<group>"; };
		84A3B694280EC9D40081ABF1 /* ImageSearchUITests.xctest */ = {isa = PBXFileReference; explicitFileType = wrapper.cfbundle; includeInIndex = 0; path = ImageSearchUITests.xctest; sourceTree = BUILT_PRODUCTS_DIR; };
		84A3B698280EC9D40081ABF1 /* ImageSearchUITests.swift */ = {isa = PBXFileReference; lastKnownFileType = sourcecode.swift; path = ImageSearchUITests.swift; sourceTree = "<group>"; };
		84A3B69A280EC9D40081ABF1 /* ImageSearchUITestsLaunchTests.swift */ = {isa = PBXFileReference; lastKnownFileType = sourcecode.swift; path = ImageSearchUITestsLaunchTests.swift; sourceTree = "<group>"; wrapsLines = 0; };
		84A3B6AB280ECD4E0081ABF1 /* ImageDownLoaderOperation.swift */ = {isa = PBXFileReference; lastKnownFileType = sourcecode.swift; path = ImageDownLoaderOperation.swift; sourceTree = "<group>"; };
		84A3B6AD280ECD910081ABF1 /* ServiceManager.swift */ = {isa = PBXFileReference; lastKnownFileType = sourcecode.swift; path = ServiceManager.swift; sourceTree = "<group>"; };
		84A3B6AF280ECDBE0081ABF1 /* Request.swift */ = {isa = PBXFileReference; lastKnownFileType = sourcecode.swift; path = Request.swift; sourceTree = "<group>"; };
		84A3B6B1280ECDE20081ABF1 /* APIEndPoints.swift */ = {isa = PBXFileReference; lastKnownFileType = sourcecode.swift; path = APIEndPoints.swift; sourceTree = "<group>"; };
		84A3B6B3280ECE250081ABF1 /* PhotoSearchResonce.swift */ = {isa = PBXFileReference; lastKnownFileType = sourcecode.swift; path = PhotoSearchResonce.swift; sourceTree = "<group>"; };
		84A3B6B5280ECE4A0081ABF1 /* PhotoDetail.swift */ = {isa = PBXFileReference; lastKnownFileType = sourcecode.swift; path = PhotoDetail.swift; sourceTree = "<group>"; };
		84A3B6B7280ECE750081ABF1 /* PhotoSearchViewModel.swift */ = {isa = PBXFileReference; lastKnownFileType = sourcecode.swift; path = PhotoSearchViewModel.swift; sourceTree = "<group>"; };
		84A3B6B9280ECEF20081ABF1 /* PhotoSearchViewController.swift */ = {isa = PBXFileReference; lastKnownFileType = sourcecode.swift; path = PhotoSearchViewController.swift; sourceTree = "<group>"; };
		84A3B6BB280ED6BC0081ABF1 /* PhotoDetailsTableViewCell.swift */ = {isa = PBXFileReference; lastKnownFileType = sourcecode.swift; path = PhotoDetailsTableViewCell.swift; sourceTree = "<group>"; };
		84A3B6BD280ED71C0081ABF1 /* ViewState.swift */ = {isa = PBXFileReference; lastKnownFileType = sourcecode.swift; path = ViewState.swift; sourceTree = "<group>"; };
		84A3B6BF280ED7620081ABF1 /* PhotoCollectionViewCell.swift */ = {isa = PBXFileReference; lastKnownFileType = sourcecode.swift; path = PhotoCollectionViewCell.swift; sourceTree = "<group>"; };
		84A3B6C3280EDC6E0081ABF1 /* MockServiceManager.swift */ = {isa = PBXFileReference; lastKnownFileType = sourcecode.swift; path = MockServiceManager.swift; sourceTree = "<group>"; };
		84A3B6C8280EE3A60081ABF1 /* searchSuccessResponse.json */ = {isa = PBXFileReference; lastKnownFileType = text.json; path = searchSuccessResponse.json; sourceTree = "<group>"; };
/* End PBXFileReference section */

/* Begin PBXFrameworksBuildPhase section */
		84A3B671280EC9D10081ABF1 /* Frameworks */ = {
			isa = PBXFrameworksBuildPhase;
			buildActionMask = 2147483647;
			files = (
			);
			runOnlyForDeploymentPostprocessing = 0;
		};
		84A3B687280EC9D40081ABF1 /* Frameworks */ = {
			isa = PBXFrameworksBuildPhase;
			buildActionMask = 2147483647;
			files = (
			);
			runOnlyForDeploymentPostprocessing = 0;
		};
		84A3B691280EC9D40081ABF1 /* Frameworks */ = {
			isa = PBXFrameworksBuildPhase;
			buildActionMask = 2147483647;
			files = (
			);
			runOnlyForDeploymentPostprocessing = 0;
		};
/* End PBXFrameworksBuildPhase section */

/* Begin PBXGroup section */
		84A3B66B280EC9D10081ABF1 = {
			isa = PBXGroup;
			children = (
				84A3B676280EC9D10081ABF1 /* ImageSearch */,
				84A3B68D280EC9D40081ABF1 /* ImageSearchTests */,
				84A3B697280EC9D40081ABF1 /* ImageSearchUITests */,
				84A3B675280EC9D10081ABF1 /* Products */,
			);
			sourceTree = "<group>";
		};
		84A3B675280EC9D10081ABF1 /* Products */ = {
			isa = PBXGroup;
			children = (
				84A3B674280EC9D10081ABF1 /* ImageSearch.app */,
				84A3B68A280EC9D40081ABF1 /* ImageSearchTests.xctest */,
				84A3B694280EC9D40081ABF1 /* ImageSearchUITests.xctest */,
			);
			name = Products;
			sourceTree = "<group>";
		};
		84A3B676280EC9D10081ABF1 /* ImageSearch */ = {
			isa = PBXGroup;
			children = (
				84A3B6AA280ECD210081ABF1 /* View */,
				84A3B6A9280ECD140081ABF1 /* ViewModel */,
				84A3B6A8280ECD070081ABF1 /* Model */,
				84A3B6A7280ECC690081ABF1 /* Service */,
				84A3B677280EC9D10081ABF1 /* AppDelegate.swift */,
				84A3B679280EC9D10081ABF1 /* SceneDelegate.swift */,
				84A3B67D280EC9D10081ABF1 /* Main.storyboard */,
				84A3B680280EC9D30081ABF1 /* Assets.xcassets */,
				84A3B682280EC9D30081ABF1 /* LaunchScreen.storyboard */,
				84A3B685280EC9D30081ABF1 /* Info.plist */,
			);
			path = ImageSearch;
			sourceTree = "<group>";
		};
		84A3B68D280EC9D40081ABF1 /* ImageSearchTests */ = {
			isa = PBXGroup;
			children = (
				84A3B68E280EC9D40081ABF1 /* ImageSearchTests.swift */,
				84A3B6C3280EDC6E0081ABF1 /* MockServiceManager.swift */,
				84A3B6C8280EE3A60081ABF1 /* searchSuccessResponse.json */,
			);
			path = ImageSearchTests;
			sourceTree = "<group>";
		};
		84A3B697280EC9D40081ABF1 /* ImageSearchUITests */ = {
			isa = PBXGroup;
			children = (
				84A3B698280EC9D40081ABF1 /* ImageSearchUITests.swift */,
				84A3B69A280EC9D40081ABF1 /* ImageSearchUITestsLaunchTests.swift */,
			);
			path = ImageSearchUITests;
			sourceTree = "<group>";
		};
		84A3B6A7280ECC690081ABF1 /* Service */ = {
			isa = PBXGroup;
			children = (
				84A3B6AB280ECD4E0081ABF1 /* ImageDownLoaderOperation.swift */,
				84A3B6AD280ECD910081ABF1 /* ServiceManager.swift */,
				84A3B6AF280ECDBE0081ABF1 /* Request.swift */,
				84A3B6B1280ECDE20081ABF1 /* APIEndPoints.swift */,
			);
			path = Service;
			sourceTree = "<group>";
		};
		84A3B6A8280ECD070081ABF1 /* Model */ = {
			isa = PBXGroup;
			children = (
				84A3B6B3280ECE250081ABF1 /* PhotoSearchResonce.swift */,
				84A3B6B5280ECE4A0081ABF1 /* PhotoDetail.swift */,
			);
			path = Model;
			sourceTree = "<group>";
		};
		84A3B6A9280ECD140081ABF1 /* ViewModel */ = {
			isa = PBXGroup;
			children = (
				84A3B6B7280ECE750081ABF1 /* PhotoSearchViewModel.swift */,
			);
			path = ViewModel;
			sourceTree = "<group>";
		};
		84A3B6AA280ECD210081ABF1 /* View */ = {
			isa = PBXGroup;
			children = (
				84A3B6B9280ECEF20081ABF1 /* PhotoSearchViewController.swift */,
				84A3B6BB280ED6BC0081ABF1 /* PhotoDetailsTableViewCell.swift */,
				84A3B6BD280ED71C0081ABF1 /* ViewState.swift */,
				84A3B6BF280ED7620081ABF1 /* PhotoCollectionViewCell.swift */,
			);
			path = View;
			sourceTree = "<group>";
		};
/* End PBXGroup section */

/* Begin PBXNativeTarget section */
		84A3B673280EC9D10081ABF1 /* ImageSearch */ = {
			isa = PBXNativeTarget;
			buildConfigurationList = 84A3B69E280EC9D40081ABF1 /* Build configuration list for PBXNativeTarget "ImageSearch" */;
			buildPhases = (
				84A3B670280EC9D10081ABF1 /* Sources */,
				84A3B671280EC9D10081ABF1 /* Frameworks */,
				84A3B672280EC9D10081ABF1 /* Resources */,
			);
			buildRules = (
			);
			dependencies = (
			);
			name = ImageSearch;
			productName = ImageSearch;
			productReference = 84A3B674280EC9D10081ABF1 /* ImageSearch.app */;
			productType = "com.apple.product-type.application";
		};
		84A3B689280EC9D40081ABF1 /* ImageSearchTests */ = {
			isa = PBXNativeTarget;
			buildConfigurationList = 84A3B6A1280EC9D40081ABF1 /* Build configuration list for PBXNativeTarget "ImageSearchTests" */;
			buildPhases = (
				84A3B686280EC9D40081ABF1 /* Sources */,
				84A3B687280EC9D40081ABF1 /* Frameworks */,
				84A3B688280EC9D40081ABF1 /* Resources */,
			);
			buildRules = (
			);
			dependencies = (
				84A3B68C280EC9D40081ABF1 /* PBXTargetDependency */,
			);
			name = ImageSearchTests;
			productName = ImageSearchTests;
			productReference = 84A3B68A280EC9D40081ABF1 /* ImageSearchTests.xctest */;
			productType = "com.apple.product-type.bundle.unit-test";
		};
		84A3B693280EC9D40081ABF1 /* ImageSearchUITests */ = {
			isa = PBXNativeTarget;
			buildConfigurationList = 84A3B6A4280EC9D40081ABF1 /* Build configuration list for PBXNativeTarget "ImageSearchUITests" */;
			buildPhases = (
				84A3B690280EC9D40081ABF1 /* Sources */,
				84A3B691280EC9D40081ABF1 /* Frameworks */,
				84A3B692280EC9D40081ABF1 /* Resources */,
			);
			buildRules = (
			);
			dependencies = (
				84A3B696280EC9D40081ABF1 /* PBXTargetDependency */,
			);
			name = ImageSearchUITests;
			productName = ImageSearchUITests;
			productReference = 84A3B694280EC9D40081ABF1 /* ImageSearchUITests.xctest */;
			productType = "com.apple.product-type.bundle.ui-testing";
		};
/* End PBXNativeTarget section */

/* Begin PBXProject section */
		84A3B66C280EC9D10081ABF1 /* Project object */ = {
			isa = PBXProject;
			attributes = {
				BuildIndependentTargetsInParallel = 1;
				LastSwiftUpdateCheck = 1320;
				LastUpgradeCheck = 1320;
				TargetAttributes = {
					84A3B673280EC9D10081ABF1 = {
						CreatedOnToolsVersion = 13.2.1;
					};
					84A3B689280EC9D40081ABF1 = {
						CreatedOnToolsVersion = 13.2.1;
						TestTargetID = 84A3B673280EC9D10081ABF1;
					};
					84A3B693280EC9D40081ABF1 = {
						CreatedOnToolsVersion = 13.2.1;
						TestTargetID = 84A3B673280EC9D10081ABF1;
					};
				};
			};
			buildConfigurationList = 84A3B66F280EC9D10081ABF1 /* Build configuration list for PBXProject "ImageSearch" */;
			compatibilityVersion = "Xcode 13.0";
			developmentRegion = en;
			hasScannedForEncodings = 0;
			knownRegions = (
				en,
				Base,
			);
			mainGroup = 84A3B66B280EC9D10081ABF1;
			productRefGroup = 84A3B675280EC9D10081ABF1 /* Products */;
			projectDirPath = "";
			projectRoot = "";
			targets = (
				84A3B673280EC9D10081ABF1 /* ImageSearch */,
				84A3B689280EC9D40081ABF1 /* ImageSearchTests */,
				84A3B693280EC9D40081ABF1 /* ImageSearchUITests */,
			);
		};
/* End PBXProject section */

/* Begin PBXResourcesBuildPhase section */
		84A3B672280EC9D10081ABF1 /* Resources */ = {
			isa = PBXResourcesBuildPhase;
			buildActionMask = 2147483647;
			files = (
				84A3B684280EC9D30081ABF1 /* LaunchScreen.storyboard in Resources */,
				84A3B681280EC9D30081ABF1 /* Assets.xcassets in Resources */,
				84A3B67F280EC9D10081ABF1 /* Main.storyboard in Resources */,
			);
			runOnlyForDeploymentPostprocessing = 0;
		};
		84A3B688280EC9D40081ABF1 /* Resources */ = {
			isa = PBXResourcesBuildPhase;
			buildActionMask = 2147483647;
			files = (
				84A3B6C9280EE3A60081ABF1 /* searchSuccessResponse.json in Resources */,
			);
			runOnlyForDeploymentPostprocessing = 0;
		};
		84A3B692280EC9D40081ABF1 /* Resources */ = {
			isa = PBXResourcesBuildPhase;
			buildActionMask = 2147483647;
			files = (
			);
			runOnlyForDeploymentPostprocessing = 0;
		};
/* End PBXResourcesBuildPhase section */

/* Begin PBXSourcesBuildPhase section */
		84A3B670280EC9D10081ABF1 /* Sources */ = {
			isa = PBXSourcesBuildPhase;
			buildActionMask = 2147483647;
			files = (
				84A3B6AC280ECD4E0081ABF1 /* ImageDownLoaderOperation.swift in Sources */,
				84A3B6C0280ED7620081ABF1 /* PhotoCollectionViewCell.swift in Sources */,
				84A3B6B0280ECDBE0081ABF1 /* Request.swift in Sources */,
				84A3B6BE280ED71C0081ABF1 /* ViewState.swift in Sources */,
				84A3B6B4280ECE250081ABF1 /* PhotoSearchResonce.swift in Sources */,
				84A3B6B6280ECE4A0081ABF1 /* PhotoDetail.swift in Sources */,
				84A3B6B2280ECDE20081ABF1 /* APIEndPoints.swift in Sources */,
				84A3B6BC280ED6BC0081ABF1 /* PhotoDetailsTableViewCell.swift in Sources */,
				84A3B6BA280ECEF20081ABF1 /* PhotoSearchViewController.swift in Sources */,
				84A3B678280EC9D10081ABF1 /* AppDelegate.swift in Sources */,
				84A3B67A280EC9D10081ABF1 /* SceneDelegate.swift in Sources */,
				84A3B6AE280ECD910081ABF1 /* ServiceManager.swift in Sources */,
				84A3B6B8280ECE750081ABF1 /* PhotoSearchViewModel.swift in Sources */,
			);
			runOnlyForDeploymentPostprocessing = 0;
		};
		84A3B686280EC9D40081ABF1 /* Sources */ = {
			isa = PBXSourcesBuildPhase;
			buildActionMask = 2147483647;
			files = (
				84A3B68F280EC9D40081ABF1 /* ImageSearchTests.swift in Sources */,
				84A3B6C4280EDC6E0081ABF1 /* MockServiceManager.swift in Sources */,
			);
			runOnlyForDeploymentPostprocessing = 0;
		};
		84A3B690280EC9D40081ABF1 /* Sources */ = {
			isa = PBXSourcesBuildPhase;
			buildActionMask = 2147483647;
			files = (
				84A3B69B280EC9D40081ABF1 /* ImageSearchUITestsLaunchTests.swift in Sources */,
				84A3B699280EC9D40081ABF1 /* ImageSearchUITests.swift in Sources */,
			);
			runOnlyForDeploymentPostprocessing = 0;
		};
/* End PBXSourcesBuildPhase section */

/* Begin PBXTargetDependency section */
		84A3B68C280EC9D40081ABF1 /* PBXTargetDependency */ = {
			isa = PBXTargetDependency;
			target = 84A3B673280EC9D10081ABF1 /* ImageSearch */;
			targetProxy = 84A3B68B280EC9D40081ABF1 /* PBXContainerItemProxy */;
		};
		84A3B696280EC9D40081ABF1 /* PBXTargetDependency */ = {
			isa = PBXTargetDependency;
			target = 84A3B673280EC9D10081ABF1 /* ImageSearch */;
			targetProxy = 84A3B695280EC9D40081ABF1 /* PBXContainerItemProxy */;
		};
/* End PBXTargetDependency section */

/* Begin PBXVariantGroup section */
		84A3B67D280EC9D10081ABF1 /* Main.storyboard */ = {
			isa = PBXVariantGroup;
			children = (
				84A3B67E280EC9D10081ABF1 /* Base */,
			);
			name = Main.storyboard;
			sourceTree = "<group>";
		};
		84A3B682280EC9D30081ABF1 /* LaunchScreen.storyboard */ = {
			isa = PBXVariantGroup;
			children = (
				84A3B683280EC9D30081ABF1 /* Base */,
			);
			name = LaunchScreen.storyboard;
			sourceTree = "<group>";
		};
/* End PBXVariantGroup section */

/* Begin XCBuildConfiguration section */
		84A3B69C280EC9D40081ABF1 /* Debug */ = {
			isa = XCBuildConfiguration;
			buildSettings = {
				ALWAYS_SEARCH_USER_PATHS = NO;
				CLANG_ANALYZER_NONNULL = YES;
				CLANG_ANALYZER_NUMBER_OBJECT_CONVERSION = YES_AGGRESSIVE;
				CLANG_CXX_LANGUAGE_STANDARD = "gnu++17";
				CLANG_CXX_LIBRARY = "libc++";
				CLANG_ENABLE_MODULES = YES;
				CLANG_ENABLE_OBJC_ARC = YES;
				CLANG_ENABLE_OBJC_WEAK = YES;
				CLANG_WARN_BLOCK_CAPTURE_AUTORELEASING = YES;
				CLANG_WARN_BOOL_CONVERSION = YES;
				CLANG_WARN_COMMA = YES;
				CLANG_WARN_CONSTANT_CONVERSION = YES;
				CLANG_WARN_DEPRECATED_OBJC_IMPLEMENTATIONS = YES;
				CLANG_WARN_DIRECT_OBJC_ISA_USAGE = YES_ERROR;
				CLANG_WARN_DOCUMENTATION_COMMENTS = YES;
				CLANG_WARN_EMPTY_BODY = YES;
				CLANG_WARN_ENUM_CONVERSION = YES;
				CLANG_WARN_INFINITE_RECURSION = YES;
				CLANG_WARN_INT_CONVERSION = YES;
				CLANG_WARN_NON_LITERAL_NULL_CONVERSION = YES;
				CLANG_WARN_OBJC_IMPLICIT_RETAIN_SELF = YES;
				CLANG_WARN_OBJC_LITERAL_CONVERSION = YES;
				CLANG_WARN_OBJC_ROOT_CLASS = YES_ERROR;
				CLANG_WARN_QUOTED_INCLUDE_IN_FRAMEWORK_HEADER = YES;
				CLANG_WARN_RANGE_LOOP_ANALYSIS = YES;
				CLANG_WARN_STRICT_PROTOTYPES = YES;
				CLANG_WARN_SUSPICIOUS_MOVE = YES;
				CLANG_WARN_UNGUARDED_AVAILABILITY = YES_AGGRESSIVE;
				CLANG_WARN_UNREACHABLE_CODE = YES;
				CLANG_WARN__DUPLICATE_METHOD_MATCH = YES;
				COPY_PHASE_STRIP = NO;
				DEBUG_INFORMATION_FORMAT = dwarf;
				ENABLE_STRICT_OBJC_MSGSEND = YES;
				ENABLE_TESTABILITY = YES;
				GCC_C_LANGUAGE_STANDARD = gnu11;
				GCC_DYNAMIC_NO_PIC = NO;
				GCC_NO_COMMON_BLOCKS = YES;
				GCC_OPTIMIZATION_LEVEL = 0;
				GCC_PREPROCESSOR_DEFINITIONS = (
					"DEBUG=1",
					"$(inherited)",
				);
				GCC_WARN_64_TO_32_BIT_CONVERSION = YES;
				GCC_WARN_ABOUT_RETURN_TYPE = YES_ERROR;
				GCC_WARN_UNDECLARED_SELECTOR = YES;
				GCC_WARN_UNINITIALIZED_AUTOS = YES_AGGRESSIVE;
				GCC_WARN_UNUSED_FUNCTION = YES;
				GCC_WARN_UNUSED_VARIABLE = YES;
				IPHONEOS_DEPLOYMENT_TARGET = 15.2;
				MTL_ENABLE_DEBUG_INFO = INCLUDE_SOURCE;
				MTL_FAST_MATH = YES;
				ONLY_ACTIVE_ARCH = YES;
				SDKROOT = iphoneos;
				SWIFT_ACTIVE_COMPILATION_CONDITIONS = DEBUG;
				SWIFT_OPTIMIZATION_LEVEL = "-Onone";
			};
			name = Debug;
		};
		84A3B69D280EC9D40081ABF1 /* Release */ = {
			isa = XCBuildConfiguration;
			buildSettings = {
				ALWAYS_SEARCH_USER_PATHS = NO;
				CLANG_ANALYZER_NONNULL = YES;
				CLANG_ANALYZER_NUMBER_OBJECT_CONVERSION = YES_AGGRESSIVE;
				CLANG_CXX_LANGUAGE_STANDARD = "gnu++17";
				CLANG_CXX_LIBRARY = "libc++";
				CLANG_ENABLE_MODULES = YES;
				CLANG_ENABLE_OBJC_ARC = YES;
				CLANG_ENABLE_OBJC_WEAK = YES;
				CLANG_WARN_BLOCK_CAPTURE_AUTORELEASING = YES;
				CLANG_WARN_BOOL_CONVERSION = YES;
				CLANG_WARN_COMMA = YES;
				CLANG_WARN_CONSTANT_CONVERSION = YES;
				CLANG_WARN_DEPRECATED_OBJC_IMPLEMENTATIONS = YES;
				CLANG_WARN_DIRECT_OBJC_ISA_USAGE = YES_ERROR;
				CLANG_WARN_DOCUMENTATION_COMMENTS = YES;
				CLANG_WARN_EMPTY_BODY = YES;
				CLANG_WARN_ENUM_CONVERSION = YES;
				CLANG_WARN_INFINITE_RECURSION = YES;
				CLANG_WARN_INT_CONVERSION = YES;
				CLANG_WARN_NON_LITERAL_NULL_CONVERSION = YES;
				CLANG_WARN_OBJC_IMPLICIT_RETAIN_SELF = YES;
				CLANG_WARN_OBJC_LITERAL_CONVERSION = YES;
				CLANG_WARN_OBJC_ROOT_CLASS = YES_ERROR;
				CLANG_WARN_QUOTED_INCLUDE_IN_FRAMEWORK_HEADER = YES;
				CLANG_WARN_RANGE_LOOP_ANALYSIS = YES;
				CLANG_WARN_STRICT_PROTOTYPES = YES;
				CLANG_WARN_SUSPICIOUS_MOVE = YES;
				CLANG_WARN_UNGUARDED_AVAILABILITY = YES_AGGRESSIVE;
				CLANG_WARN_UNREACHABLE_CODE = YES;
				CLANG_WARN__DUPLICATE_METHOD_MATCH = YES;
				COPY_PHASE_STRIP = NO;
				DEBUG_INFORMATION_FORMAT = "dwarf-with-dsym";
				ENABLE_NS_ASSERTIONS = NO;
				ENABLE_STRICT_OBJC_MSGSEND = YES;
				GCC_C_LANGUAGE_STANDARD = gnu11;
				GCC_NO_COMMON_BLOCKS = YES;
				GCC_WARN_64_TO_32_BIT_CONVERSION = YES;
				GCC_WARN_ABOUT_RETURN_TYPE = YES_ERROR;
				GCC_WARN_UNDECLARED_SELECTOR = YES;
				GCC_WARN_UNINITIALIZED_AUTOS = YES_AGGRESSIVE;
				GCC_WARN_UNUSED_FUNCTION = YES;
				GCC_WARN_UNUSED_VARIABLE = YES;
				IPHONEOS_DEPLOYMENT_TARGET = 15.2;
				MTL_ENABLE_DEBUG_INFO = NO;
				MTL_FAST_MATH = YES;
				SDKROOT = iphoneos;
				SWIFT_COMPILATION_MODE = wholemodule;
				SWIFT_OPTIMIZATION_LEVEL = "-O";
				VALIDATE_PRODUCT = YES;
			};
			name = Release;
		};
		84A3B69F280EC9D40081ABF1 /* Debug */ = {
			isa = XCBuildConfiguration;
			buildSettings = {
				ASSETCATALOG_COMPILER_APPICON_NAME = AppIcon;
				ASSETCATALOG_COMPILER_GLOBAL_ACCENT_COLOR_NAME = AccentColor;
				CODE_SIGN_STYLE = Automatic;
				CURRENT_PROJECT_VERSION = 1;
				GENERATE_INFOPLIST_FILE = YES;
				INFOPLIST_FILE = ImageSearch/Info.plist;
				INFOPLIST_KEY_UIApplicationSupportsIndirectInputEvents = YES;
				INFOPLIST_KEY_UILaunchStoryboardName = LaunchScreen;
				INFOPLIST_KEY_UIMainStoryboardFile = Main;
				INFOPLIST_KEY_UISupportedInterfaceOrientations_iPad = "UIInterfaceOrientationPortrait UIInterfaceOrientationPortraitUpsideDown UIInterfaceOrientationLandscapeLeft UIInterfaceOrientationLandscapeRight";
				INFOPLIST_KEY_UISupportedInterfaceOrientations_iPhone = "UIInterfaceOrientationPortrait UIInterfaceOrientationLandscapeLeft UIInterfaceOrientationLandscapeRight";
				LD_RUNPATH_SEARCH_PATHS = (
					"$(inherited)",
					"@executable_path/Frameworks",
				);
				MARKETING_VERSION = 1.0;
				PRODUCT_BUNDLE_IDENTIFIER = com.mac.ImageSearch;
				PRODUCT_NAME = "$(TARGET_NAME)";
				SWIFT_EMIT_LOC_STRINGS = YES;
				SWIFT_VERSION = 5.0;
				TARGETED_DEVICE_FAMILY = "1,2";
			};
			name = Debug;
		};
		84A3B6A0280EC9D40081ABF1 /* Release */ = {
			isa = XCBuildConfiguration;
			buildSettings = {
				ASSETCATALOG_COMPILER_APPICON_NAME = AppIcon;
				ASSETCATALOG_COMPILER_GLOBAL_ACCENT_COLOR_NAME = AccentColor;
				CODE_SIGN_STYLE = Automatic;
				CURRENT_PROJECT_VERSION = 1;
				GENERATE_INFOPLIST_FILE = YES;
				INFOPLIST_FILE = ImageSearch/Info.plist;
				INFOPLIST_KEY_UIApplicationSupportsIndirectInputEvents = YES;
				INFOPLIST_KEY_UILaunchStoryboardName = LaunchScreen;
				INFOPLIST_KEY_UIMainStoryboardFile = Main;
				INFOPLIST_KEY_UISupportedInterfaceOrientations_iPad = "UIInterfaceOrientationPortrait UIInterfaceOrientationPortraitUpsideDown UIInterfaceOrientationLandscapeLeft UIInterfaceOrientationLandscapeRight";
				INFOPLIST_KEY_UISupportedInterfaceOrientations_iPhone = "UIInterfaceOrientationPortrait UIInterfaceOrientationLandscapeLeft UIInterfaceOrientationLandscapeRight";
				LD_RUNPATH_SEARCH_PATHS = (
					"$(inherited)",
					"@executable_path/Frameworks",
				);
				MARKETING_VERSION = 1.0;
				PRODUCT_BUNDLE_IDENTIFIER = com.mac.ImageSearch;
				PRODUCT_NAME = "$(TARGET_NAME)";
				SWIFT_EMIT_LOC_STRINGS = YES;
				SWIFT_VERSION = 5.0;
				TARGETED_DEVICE_FAMILY = "1,2";
			};
			name = Release;
		};
		84A3B6A2280EC9D40081ABF1 /* Debug */ = {
			isa = XCBuildConfiguration;
			buildSettings = {
				ALWAYS_EMBED_SWIFT_STANDARD_LIBRARIES = YES;
				BUNDLE_LOADER = "$(TEST_HOST)";
				CODE_SIGN_STYLE = Automatic;
				CURRENT_PROJECT_VERSION = 1;
				GENERATE_INFOPLIST_FILE = YES;
				IPHONEOS_DEPLOYMENT_TARGET = 15.2;
				MARKETING_VERSION = 1.0;
				PRODUCT_BUNDLE_IDENTIFIER = com.mac.ImageSearchTests;
				PRODUCT_NAME = "$(TARGET_NAME)";
				SWIFT_EMIT_LOC_STRINGS = NO;
				SWIFT_VERSION = 5.0;
				TARGETED_DEVICE_FAMILY = "1,2";
				TEST_HOST = "$(BUILT_PRODUCTS_DIR)/ImageSearch.app/ImageSearch";
			};
			name = Debug;
		};
		84A3B6A3280EC9D40081ABF1 /* Release */ = {
			isa = XCBuildConfiguration;
			buildSettings = {
				ALWAYS_EMBED_SWIFT_STANDARD_LIBRARIES = YES;
				BUNDLE_LOADER = "$(TEST_HOST)";
				CODE_SIGN_STYLE = Automatic;
				CURRENT_PROJECT_VERSION = 1;
				GENERATE_INFOPLIST_FILE = YES;
				IPHONEOS_DEPLOYMENT_TARGET = 15.2;
				MARKETING_VERSION = 1.0;
				PRODUCT_BUNDLE_IDENTIFIER = com.mac.ImageSearchTests;
				PRODUCT_NAME = "$(TARGET_NAME)";
				SWIFT_EMIT_LOC_STRINGS = NO;
				SWIFT_VERSION = 5.0;
				TARGETED_DEVICE_FAMILY = "1,2";
				TEST_HOST = "$(BUILT_PRODUCTS_DIR)/ImageSearch.app/ImageSearch";
			};
			name = Release;
		};
		84A3B6A5280EC9D40081ABF1 /* Debug */ = {
			isa = XCBuildConfiguration;
			buildSettings = {
				ALWAYS_EMBED_SWIFT_STANDARD_LIBRARIES = YES;
				CODE_SIGN_STYLE = Automatic;
				CURRENT_PROJECT_VERSION = 1;
				GENERATE_INFOPLIST_FILE = YES;
				MARKETING_VERSION = 1.0;
				PRODUCT_BUNDLE_IDENTIFIER = com.mac.ImageSearchUITests;
				PRODUCT_NAME = "$(TARGET_NAME)";
				SWIFT_EMIT_LOC_STRINGS = NO;
				SWIFT_VERSION = 5.0;
				TARGETED_DEVICE_FAMILY = "1,2";
				TEST_TARGET_NAME = ImageSearch;
			};
			name = Debug;
		};
		84A3B6A6280EC9D40081ABF1 /* Release */ = {
			isa = XCBuildConfiguration;
			buildSettings = {
				ALWAYS_EMBED_SWIFT_STANDARD_LIBRARIES = YES;
				CODE_SIGN_STYLE = Automatic;
				CURRENT_PROJECT_VERSION = 1;
				GENERATE_INFOPLIST_FILE = YES;
				MARKETING_VERSION = 1.0;
				PRODUCT_BUNDLE_IDENTIFIER = com.mac.ImageSearchUITests;
				PRODUCT_NAME = "$(TARGET_NAME)";
				SWIFT_EMIT_LOC_STRINGS = NO;
				SWIFT_VERSION = 5.0;
				TARGETED_DEVICE_FAMILY = "1,2";
				TEST_TARGET_NAME = ImageSearch;
			};
			name = Release;
		};
/* End XCBuildConfiguration section */

/* Begin XCConfigurationList section */
		84A3B66F280EC9D10081ABF1 /* Build configuration list for PBXProject "ImageSearch" */ = {
			isa = XCConfigurationList;
			buildConfigurations = (
				84A3B69C280EC9D40081ABF1 /* Debug */,
				84A3B69D280EC9D40081ABF1 /* Release */,
			);
			defaultConfigurationIsVisible = 0;
			defaultConfigurationName = Release;
		};
		84A3B69E280EC9D40081ABF1 /* Build configuration list for PBXNativeTarget "ImageSearch" */ = {
			isa = XCConfigurationList;
			buildConfigurations = (
				84A3B69F280EC9D40081ABF1 /* Debug */,
				84A3B6A0280EC9D40081ABF1 /* Release */,
			);
			defaultConfigurationIsVisible = 0;
			defaultConfigurationName = Release;
		};
		84A3B6A1280EC9D40081ABF1 /* Build configuration list for PBXNativeTarget "ImageSearchTests" */ = {
			isa = XCConfigurationList;
			buildConfigurations = (
				84A3B6A2280EC9D40081ABF1 /* Debug */,
				84A3B6A3280EC9D40081ABF1 /* Release */,
			);
			defaultConfigurationIsVisible = 0;
			defaultConfigurationName = Release;
		};
		84A3B6A4280EC9D40081ABF1 /* Build configuration list for PBXNativeTarget "ImageSearchUITests" */ = {
			isa = XCConfigurationList;
			buildConfigurations = (
				84A3B6A5280EC9D40081ABF1 /* Debug */,
				84A3B6A6280EC9D40081ABF1 /* Release */,
			);
			defaultConfigurationIsVisible = 0;
			defaultConfigurationName = Release;
		};
/* End XCConfigurationList section */
	};
	rootObject = 84A3B66C280EC9D10081ABF1 /* Project object */;
}
